// !$*UTF8*$!
{
	archiveVersion = 1;
	classes = {
	};
	objectVersion = 50;
	objects = {

/* Begin PBXBuildFile section */
		BB72700022B7F3D5006C386B /* AppDelegate.swift in Sources */ = {isa = PBXBuildFile; fileRef = BB726FFF22B7F3D5006C386B /* AppDelegate.swift */; };
		BB72700222B7F3D5006C386B /* ViewController.swift in Sources */ = {isa = PBXBuildFile; fileRef = BB72700122B7F3D5006C386B /* ViewController.swift */; };
		BB72700522B7F3D5006C386B /* Main.storyboard in Resources */ = {isa = PBXBuildFile; fileRef = BB72700322B7F3D5006C386B /* Main.storyboard */; };
		BB72700722B7F3D7006C386B /* Assets.xcassets in Resources */ = {isa = PBXBuildFile; fileRef = BB72700622B7F3D7006C386B /* Assets.xcassets */; };
		BB72700A22B7F3D7006C386B /* LaunchScreen.storyboard in Resources */ = {isa = PBXBuildFile; fileRef = BB72700822B7F3D7006C386B /* LaunchScreen.storyboard */; };
		BB72701522B7F3D7006C386B /* PollAppTests.swift in Sources */ = {isa = PBXBuildFile; fileRef = BB72701422B7F3D7006C386B /* PollAppTests.swift */; };
		BB72702022B7F3D7006C386B /* PollAppUITests.swift in Sources */ = {isa = PBXBuildFile; fileRef = BB72701F22B7F3D7006C386B /* PollAppUITests.swift */; };
/* End PBXBuildFile section */

/* Begin PBXContainerItemProxy section */
		BB72701122B7F3D7006C386B /* PBXContainerItemProxy */ = {
			isa = PBXContainerItemProxy;
			containerPortal = BB726FF422B7F3D5006C386B /* Project object */;
			proxyType = 1;
			remoteGlobalIDString = BB726FFB22B7F3D5006C386B;
			remoteInfo = PollApp;
		};
		BB72701C22B7F3D7006C386B /* PBXContainerItemProxy */ = {
			isa = PBXContainerItemProxy;
			containerPortal = BB726FF422B7F3D5006C386B /* Project object */;
			proxyType = 1;
			remoteGlobalIDString = BB726FFB22B7F3D5006C386B;
			remoteInfo = PollApp;
		};
/* End PBXContainerItemProxy section */

/* Begin PBXFileReference section */
		BB726FFC22B7F3D5006C386B /* PollApp.app */ = {isa = PBXFileReference; explicitFileType = wrapper.application; includeInIndex = 0; path = PollApp.app; sourceTree = BUILT_PRODUCTS_DIR; };
		BB726FFF22B7F3D5006C386B /* AppDelegate.swift */ = {isa = PBXFileReference; lastKnownFileType = sourcecode.swift; path = AppDelegate.swift; sourceTree = "<group>"; };
		BB72700122B7F3D5006C386B /* ViewController.swift */ = {isa = PBXFileReference; lastKnownFileType = sourcecode.swift; path = ViewController.swift; sourceTree = "<group>"; };
		BB72700422B7F3D5006C386B /* Base */ = {isa = PBXFileReference; lastKnownFileType = file.storyboard; name = Base; path = Base.lproj/Main.storyboard; sourceTree = "<group>"; };
		BB72700622B7F3D7006C386B /* Assets.xcassets */ = {isa = PBXFileReference; lastKnownFileType = folder.assetcatalog; path = Assets.xcassets; sourceTree = "<group>"; };
		BB72700922B7F3D7006C386B /* Base */ = {isa = PBXFileReference; lastKnownFileType = file.storyboard; name = Base; path = Base.lproj/LaunchScreen.storyboard; sourceTree = "<group>"; };
		BB72700B22B7F3D7006C386B /* Info.plist */ = {isa = PBXFileReference; lastKnownFileType = text.plist.xml; path = Info.plist; sourceTree = "<group>"; };
		BB72701022B7F3D7006C386B /* PollAppTests.xctest */ = {isa = PBXFileReference; explicitFileType = wrapper.cfbundle; includeInIndex = 0; path = PollAppTests.xctest; sourceTree = BUILT_PRODUCTS_DIR; };
		BB72701422B7F3D7006C386B /* PollAppTests.swift */ = {isa = PBXFileReference; lastKnownFileType = sourcecode.swift; path = PollAppTests.swift; sourceTree = "<group>"; };
		BB72701622B7F3D7006C386B /* Info.plist */ = {isa = PBXFileReference; lastKnownFileType = text.plist.xml; path = Info.plist; sourceTree = "<group>"; };
		BB72701B22B7F3D7006C386B /* PollAppUITests.xctest */ = {isa = PBXFileReference; explicitFileType = wrapper.cfbundle; includeInIndex = 0; path = PollAppUITests.xctest; sourceTree = BUILT_PRODUCTS_DIR; };
		BB72701F22B7F3D7006C386B /* PollAppUITests.swift */ = {isa = PBXFileReference; lastKnownFileType = sourcecode.swift; path = PollAppUITests.swift; sourceTree = "<group>"; };
		BB72702122B7F3D7006C386B /* Info.plist */ = {isa = PBXFileReference; lastKnownFileType = text.plist.xml; path = Info.plist; sourceTree = "<group>"; };
/* End PBXFileReference section */

/* Begin PBXFrameworksBuildPhase section */
		BB726FF922B7F3D5006C386B /* Frameworks */ = {
			isa = PBXFrameworksBuildPhase;
			buildActionMask = 2147483647;
			files = (
			);
			runOnlyForDeploymentPostprocessing = 0;
		};
		BB72700D22B7F3D7006C386B /* Frameworks */ = {
			isa = PBXFrameworksBuildPhase;
			buildActionMask = 2147483647;
			files = (
			);
			runOnlyForDeploymentPostprocessing = 0;
		};
		BB72701822B7F3D7006C386B /* Frameworks */ = {
			isa = PBXFrameworksBuildPhase;
			buildActionMask = 2147483647;
			files = (
			);
			runOnlyForDeploymentPostprocessing = 0;
		};
/* End PBXFrameworksBuildPhase section */

/* Begin PBXGroup section */
		BB726FF322B7F3D5006C386B = {
			isa = PBXGroup;
			children = (
				BB726FFE22B7F3D5006C386B /* PollApp */,
				BB72701322B7F3D7006C386B /* PollAppTests */,
				BB72701E22B7F3D7006C386B /* PollAppUITests */,
				BB726FFD22B7F3D5006C386B /* Products */,
			);
			sourceTree = "<group>";
		};
		BB726FFD22B7F3D5006C386B /* Products */ = {
			isa = PBXGroup;
			children = (
				BB726FFC22B7F3D5006C386B /* PollApp.app */,
				BB72701022B7F3D7006C386B /* PollAppTests.xctest */,
				BB72701B22B7F3D7006C386B /* PollAppUITests.xctest */,
			);
			name = Products;
			sourceTree = "<group>";
		};
		BB726FFE22B7F3D5006C386B /* PollApp */ = {
			isa = PBXGroup;
			children = (
				BB726FFF22B7F3D5006C386B /* AppDelegate.swift */,
				BB72700122B7F3D5006C386B /* ViewController.swift */,
				BB72700322B7F3D5006C386B /* Main.storyboard */,
				BB72700622B7F3D7006C386B /* Assets.xcassets */,
				BB72700822B7F3D7006C386B /* LaunchScreen.storyboard */,
				BB72700B22B7F3D7006C386B /* Info.plist */,
			);
			path = PollApp;
			sourceTree = "<group>";
		};
		BB72701322B7F3D7006C386B /* PollAppTests */ = {
			isa = PBXGroup;
			children = (
				BB72701422B7F3D7006C386B /* PollAppTests.swift */,
				BB72701622B7F3D7006C386B /* Info.plist */,
			);
			path = PollAppTests;
			sourceTree = "<group>";
		};
		BB72701E22B7F3D7006C386B /* PollAppUITests */ = {
			isa = PBXGroup;
			children = (
				BB72701F22B7F3D7006C386B /* PollAppUITests.swift */,
				BB72702122B7F3D7006C386B /* Info.plist */,
			);
			path = PollAppUITests;
			sourceTree = "<group>";
		};
/* End PBXGroup section */

/* Begin PBXNativeTarget section */
		BB726FFB22B7F3D5006C386B /* PollApp */ = {
			isa = PBXNativeTarget;
			buildConfigurationList = BB72702422B7F3D7006C386B /* Build configuration list for PBXNativeTarget "PollApp" */;
			buildPhases = (
				BB726FF822B7F3D5006C386B /* Sources */,
				BB726FF922B7F3D5006C386B /* Frameworks */,
				BB726FFA22B7F3D5006C386B /* Resources */,
			);
			buildRules = (
			);
			dependencies = (
			);
			name = PollApp;
			productName = PollApp;
			productReference = BB726FFC22B7F3D5006C386B /* PollApp.app */;
			productType = "com.apple.product-type.application";
		};
		BB72700F22B7F3D7006C386B /* PollAppTests */ = {
			isa = PBXNativeTarget;
			buildConfigurationList = BB72702722B7F3D7006C386B /* Build configuration list for PBXNativeTarget "PollAppTests" */;
			buildPhases = (
				BB72700C22B7F3D7006C386B /* Sources */,
				BB72700D22B7F3D7006C386B /* Frameworks */,
				BB72700E22B7F3D7006C386B /* Resources */,
			);
			buildRules = (
			);
			dependencies = (
				BB72701222B7F3D7006C386B /* PBXTargetDependency */,
			);
			name = PollAppTests;
			productName = PollAppTests;
			productReference = BB72701022B7F3D7006C386B /* PollAppTests.xctest */;
			productType = "com.apple.product-type.bundle.unit-test";
		};
		BB72701A22B7F3D7006C386B /* PollAppUITests */ = {
			isa = PBXNativeTarget;
			buildConfigurationList = BB72702A22B7F3D7006C386B /* Build configuration list for PBXNativeTarget "PollAppUITests" */;
			buildPhases = (
				BB72701722B7F3D7006C386B /* Sources */,
				BB72701822B7F3D7006C386B /* Frameworks */,
				BB72701922B7F3D7006C386B /* Resources */,
			);
			buildRules = (
			);
			dependencies = (
				BB72701D22B7F3D7006C386B /* PBXTargetDependency */,
			);
			name = PollAppUITests;
			productName = PollAppUITests;
			productReference = BB72701B22B7F3D7006C386B /* PollAppUITests.xctest */;
			productType = "com.apple.product-type.bundle.ui-testing";
		};
/* End PBXNativeTarget section */

/* Begin PBXProject section */
		BB726FF422B7F3D5006C386B /* Project object */ = {
			isa = PBXProject;
			attributes = {
				LastSwiftUpdateCheck = 1020;
				LastUpgradeCheck = 1020;
				ORGANIZATIONNAME = Crawtech;
				TargetAttributes = {
					BB726FFB22B7F3D5006C386B = {
						CreatedOnToolsVersion = 10.2.1;
					};
					BB72700F22B7F3D7006C386B = {
						CreatedOnToolsVersion = 10.2.1;
						TestTargetID = BB726FFB22B7F3D5006C386B;
					};
					BB72701A22B7F3D7006C386B = {
						CreatedOnToolsVersion = 10.2.1;
						TestTargetID = BB726FFB22B7F3D5006C386B;
					};
				};
			};
			buildConfigurationList = BB726FF722B7F3D5006C386B /* Build configuration list for PBXProject "PollApp" */;
			compatibilityVersion = "Xcode 9.3";
			developmentRegion = en;
			hasScannedForEncodings = 0;
			knownRegions = (
				en,
				Base,
			);
			mainGroup = BB726FF322B7F3D5006C386B;
			productRefGroup = BB726FFD22B7F3D5006C386B /* Products */;
			projectDirPath = "";
			projectRoot = "";
			targets = (
				BB726FFB22B7F3D5006C386B /* PollApp */,
				BB72700F22B7F3D7006C386B /* PollAppTests */,
				BB72701A22B7F3D7006C386B /* PollAppUITests */,
			);
		};
/* End PBXProject section */

/* Begin PBXResourcesBuildPhase section */
		BB726FFA22B7F3D5006C386B /* Resources */ = {
			isa = PBXResourcesBuildPhase;
			buildActionMask = 2147483647;
			files = (
				BB72700A22B7F3D7006C386B /* LaunchScreen.storyboard in Resources */,
				BB72700722B7F3D7006C386B /* Assets.xcassets in Resources */,
				BB72700522B7F3D5006C386B /* Main.storyboard in Resources */,
			);
			runOnlyForDeploymentPostprocessing = 0;
		};
		BB72700E22B7F3D7006C386B /* Resources */ = {
			isa = PBXResourcesBuildPhase;
			buildActionMask = 2147483647;
			files = (
			);
			runOnlyForDeploymentPostprocessing = 0;
		};
		BB72701922B7F3D7006C386B /* Resources */ = {
			isa = PBXResourcesBuildPhase;
			buildActionMask = 2147483647;
			files = (
			);
			runOnlyForDeploymentPostprocessing = 0;
		};
/* End PBXResourcesBuildPhase section */

/* Begin PBXSourcesBuildPhase section */
		BB726FF822B7F3D5006C386B /* Sources */ = {
			isa = PBXSourcesBuildPhase;
			buildActionMask = 2147483647;
			files = (
				BB72700222B7F3D5006C386B /* ViewController.swift in Sources */,
				BB72700022B7F3D5006C386B /* AppDelegate.swift in Sources */,
			);
			runOnlyForDeploymentPostprocessing = 0;
		};
		BB72700C22B7F3D7006C386B /* Sources */ = {
			isa = PBXSourcesBuildPhase;
			buildActionMask = 2147483647;
			files = (
				BB72701522B7F3D7006C386B /* PollAppTests.swift in Sources */,
			);
			runOnlyForDeploymentPostprocessing = 0;
		};
		BB72701722B7F3D7006C386B /* Sources */ = {
			isa = PBXSourcesBuildPhase;
			buildActionMask = 2147483647;
			files = (
				BB72702022B7F3D7006C386B /* PollAppUITests.swift in Sources */,
			);
			runOnlyForDeploymentPostprocessing = 0;
		};
/* End PBXSourcesBuildPhase section */

/* Begin PBXTargetDependency section */
		BB72701222B7F3D7006C386B /* PBXTargetDependency */ = {
			isa = PBXTargetDependency;
			target = BB726FFB22B7F3D5006C386B /* PollApp */;
			targetProxy = BB72701122B7F3D7006C386B /* PBXContainerItemProxy */;
		};
		BB72701D22B7F3D7006C386B /* PBXTargetDependency */ = {
			isa = PBXTargetDependency;
			target = BB726FFB22B7F3D5006C386B /* PollApp */;
			targetProxy = BB72701C22B7F3D7006C386B /* PBXContainerItemProxy */;
		};
/* End PBXTargetDependency section */

/* Begin PBXVariantGroup section */
		BB72700322B7F3D5006C386B /* Main.storyboard */ = {
			isa = PBXVariantGroup;
			children = (
				BB72700422B7F3D5006C386B /* Base */,
			);
			name = Main.storyboard;
			sourceTree = "<group>";
		};
		BB72700822B7F3D7006C386B /* LaunchScreen.storyboard */ = {
			isa = PBXVariantGroup;
			children = (
				BB72700922B7F3D7006C386B /* Base */,
			);
			name = LaunchScreen.storyboard;
			sourceTree = "<group>";
		};
/* End PBXVariantGroup section */

/* Begin XCBuildConfiguration section */
		BB72702222B7F3D7006C386B /* Debug */ = {
			isa = XCBuildConfiguration;
			buildSettings = {
				ALWAYS_SEARCH_USER_PATHS = NO;
				CLANG_ANALYZER_NONNULL = YES;
				CLANG_ANALYZER_NUMBER_OBJECT_CONVERSION = YES_AGGRESSIVE;
				CLANG_CXX_LANGUAGE_STANDARD = "gnu++14";
				CLANG_CXX_LIBRARY = "libc++";
				CLANG_ENABLE_MODULES = YES;
				CLANG_ENABLE_OBJC_ARC = YES;
				CLANG_ENABLE_OBJC_WEAK = YES;
				CLANG_WARN_BLOCK_CAPTURE_AUTORELEASING = YES;
				CLANG_WARN_BOOL_CONVERSION = YES;
				CLANG_WARN_COMMA = YES;
				CLANG_WARN_CONSTANT_CONVERSION = YES;
				CLANG_WARN_DEPRECATED_OBJC_IMPLEMENTATIONS = YES;
				CLANG_WARN_DIRECT_OBJC_ISA_USAGE = YES_ERROR;
				CLANG_WARN_DOCUMENTATION_COMMENTS = YES;
				CLANG_WARN_EMPTY_BODY = YES;
				CLANG_WARN_ENUM_CONVERSION = YES;
				CLANG_WARN_INFINITE_RECURSION = YES;
				CLANG_WARN_INT_CONVERSION = YES;
				CLANG_WARN_NON_LITERAL_NULL_CONVERSION = YES;
				CLANG_WARN_OBJC_IMPLICIT_RETAIN_SELF = YES;
				CLANG_WARN_OBJC_LITERAL_CONVERSION = YES;
				CLANG_WARN_OBJC_ROOT_CLASS = YES_ERROR;
				CLANG_WARN_RANGE_LOOP_ANALYSIS = YES;
				CLANG_WARN_STRICT_PROTOTYPES = YES;
				CLANG_WARN_SUSPICIOUS_MOVE = YES;
				CLANG_WARN_UNGUARDED_AVAILABILITY = YES_AGGRESSIVE;
				CLANG_WARN_UNREACHABLE_CODE = YES;
				CLANG_WARN__DUPLICATE_METHOD_MATCH = YES;
				CODE_SIGN_IDENTITY = "iPhone Developer";
				COPY_PHASE_STRIP = NO;
				DEBUG_INFORMATION_FORMAT = dwarf;
				ENABLE_STRICT_OBJC_MSGSEND = YES;
				ENABLE_TESTABILITY = YES;
				GCC_C_LANGUAGE_STANDARD = gnu11;
				GCC_DYNAMIC_NO_PIC = NO;
				GCC_NO_COMMON_BLOCKS = YES;
				GCC_OPTIMIZATION_LEVEL = 0;
				GCC_PREPROCESSOR_DEFINITIONS = (
					"DEBUG=1",
					"$(inherited)",
				);
				GCC_WARN_64_TO_32_BIT_CONVERSION = YES;
				GCC_WARN_ABOUT_RETURN_TYPE = YES_ERROR;
				GCC_WARN_UNDECLARED_SELECTOR = YES;
				GCC_WARN_UNINITIALIZED_AUTOS = YES_AGGRESSIVE;
				GCC_WARN_UNUSED_FUNCTION = YES;
				GCC_WARN_UNUSED_VARIABLE = YES;
				IPHONEOS_DEPLOYMENT_TARGET = 12.2;
				MTL_ENABLE_DEBUG_INFO = INCLUDE_SOURCE;
				MTL_FAST_MATH = YES;
				ONLY_ACTIVE_ARCH = YES;
				SDKROOT = iphoneos;
				SWIFT_ACTIVE_COMPILATION_CONDITIONS = DEBUG;
				SWIFT_OPTIMIZATION_LEVEL = "-Onone";
			};
			name = Debug;
		};
		BB72702322B7F3D7006C386B /* Release */ = {
			isa = XCBuildConfiguration;
			buildSettings = {
				ALWAYS_SEARCH_USER_PATHS = NO;
				CLANG_ANALYZER_NONNULL = YES;
				CLANG_ANALYZER_NUMBER_OBJECT_CONVERSION = YES_AGGRESSIVE;
				CLANG_CXX_LANGUAGE_STANDARD = "gnu++14";
				CLANG_CXX_LIBRARY = "libc++";
				CLANG_ENABLE_MODULES = YES;
				CLANG_ENABLE_OBJC_ARC = YES;
				CLANG_ENABLE_OBJC_WEAK = YES;
				CLANG_WARN_BLOCK_CAPTURE_AUTORELEASING = YES;
				CLANG_WARN_BOOL_CONVERSION = YES;
				CLANG_WARN_COMMA = YES;
				CLANG_WARN_CONSTANT_CONVERSION = YES;
				CLANG_WARN_DEPRECATED_OBJC_IMPLEMENTATIONS = YES;
				CLANG_WARN_DIRECT_OBJC_ISA_USAGE = YES_ERROR;
				CLANG_WARN_DOCUMENTATION_COMMENTS = YES;
				CLANG_WARN_EMPTY_BODY = YES;
				CLANG_WARN_ENUM_CONVERSION = YES;
				CLANG_WARN_INFINITE_RECURSION = YES;
				CLANG_WARN_INT_CONVERSION = YES;
				CLANG_WARN_NON_LITERAL_NULL_CONVERSION = YES;
				CLANG_WARN_OBJC_IMPLICIT_RETAIN_SELF = YES;
				CLANG_WARN_OBJC_LITERAL_CONVERSION = YES;
				CLANG_WARN_OBJC_ROOT_CLASS = YES_ERROR;
				CLANG_WARN_RANGE_LOOP_ANALYSIS = YES;
				CLANG_WARN_STRICT_PROTOTYPES = YES;
				CLANG_WARN_SUSPICIOUS_MOVE = YES;
				CLANG_WARN_UNGUARDED_AVAILABILITY = YES_AGGRESSIVE;
				CLANG_WARN_UNREACHABLE_CODE = YES;
				CLANG_WARN__DUPLICATE_METHOD_MATCH = YES;
				CODE_SIGN_IDENTITY = "iPhone Developer";
				COPY_PHASE_STRIP = NO;
				DEBUG_INFORMATION_FORMAT = "dwarf-with-dsym";
				ENABLE_NS_ASSERTIONS = NO;
				ENABLE_STRICT_OBJC_MSGSEND = YES;
				GCC_C_LANGUAGE_STANDARD = gnu11;
				GCC_NO_COMMON_BLOCKS = YES;
				GCC_WARN_64_TO_32_BIT_CONVERSION = YES;
				GCC_WARN_ABOUT_RETURN_TYPE = YES_ERROR;
				GCC_WARN_UNDECLARED_SELECTOR = YES;
				GCC_WARN_UNINITIALIZED_AUTOS = YES_AGGRESSIVE;
				GCC_WARN_UNUSED_FUNCTION = YES;
				GCC_WARN_UNUSED_VARIABLE = YES;
				IPHONEOS_DEPLOYMENT_TARGET = 12.2;
				MTL_ENABLE_DEBUG_INFO = NO;
				MTL_FAST_MATH = YES;
				SDKROOT = iphoneos;
				SWIFT_COMPILATION_MODE = wholemodule;
				SWIFT_OPTIMIZATION_LEVEL = "-O";
				VALIDATE_PRODUCT = YES;
			};
			name = Release;
		};
		BB72702522B7F3D7006C386B /* Debug */ = {
			isa = XCBuildConfiguration;
			buildSettings = {
				ASSETCATALOG_COMPILER_APPICON_NAME = AppIcon;
				CODE_SIGN_STYLE = Automatic;
				INFOPLIST_FILE = PollApp/Info.plist;
				LD_RUNPATH_SEARCH_PATHS = (
					"$(inherited)",
					"@executable_path/Frameworks",
				);
				PRODUCT_BUNDLE_IDENTIFIER = Crawtech.PollApp;
				PRODUCT_NAME = "$(TARGET_NAME)";
				SWIFT_VERSION = 5.0;
				TARGETED_DEVICE_FAMILY = "1,2";
			};
			name = Debug;
		};
		BB72702622B7F3D7006C386B /* Release */ = {
			isa = XCBuildConfiguration;
			buildSettings = {
				ASSETCATALOG_COMPILER_APPICON_NAME = AppIcon;
				CODE_SIGN_STYLE = Automatic;
				INFOPLIST_FILE = PollApp/Info.plist;
				LD_RUNPATH_SEARCH_PATHS = (
					"$(inherited)",
					"@executable_path/Frameworks",
				);
				PRODUCT_BUNDLE_IDENTIFIER = Crawtech.PollApp;
				PRODUCT_NAME = "$(TARGET_NAME)";
				SWIFT_VERSION = 5.0;
				TARGETED_DEVICE_FAMILY = "1,2";
			};
			name = Release;
		};
		BB72702822B7F3D7006C386B /* Debug */ = {
			isa = XCBuildConfiguration;
			buildSettings = {
				ALWAYS_EMBED_SWIFT_STANDARD_LIBRARIES = YES;
				BUNDLE_LOADER = "$(TEST_HOST)";
				CODE_SIGN_STYLE = Automatic;
				INFOPLIST_FILE = PollAppTests/Info.plist;
				LD_RUNPATH_SEARCH_PATHS = (
					"$(inherited)",
					"@executable_path/Frameworks",
					"@loader_path/Frameworks",
				);
				PRODUCT_BUNDLE_IDENTIFIER = Crawtech.PollAppTests;
				PRODUCT_NAME = "$(TARGET_NAME)";
				SWIFT_VERSION = 5.0;
				TARGETED_DEVICE_FAMILY = "1,2";
				TEST_HOST = "$(BUILT_PRODUCTS_DIR)/PollApp.app/PollApp";
			};
			name = Debug;
		};
		BB72702922B7F3D7006C386B /* Release */ = {
			isa = XCBuildConfiguration;
			buildSettings = {
				ALWAYS_EMBED_SWIFT_STANDARD_LIBRARIES = YES;
				BUNDLE_LOADER = "$(TEST_HOST)";
				CODE_SIGN_STYLE = Automatic;
				INFOPLIST_FILE = PollAppTests/Info.plist;
				LD_RUNPATH_SEARCH_PATHS = (
					"$(inherited)",
					"@executable_path/Frameworks",
					"@loader_path/Frameworks",
				);
				PRODUCT_BUNDLE_IDENTIFIER = Crawtech.PollAppTests;
				PRODUCT_NAME = "$(TARGET_NAME)";
				SWIFT_VERSION = 5.0;
				TARGETED_DEVICE_FAMILY = "1,2";
				TEST_HOST = "$(BUILT_PRODUCTS_DIR)/PollApp.app/PollApp";
			};
			name = Release;
		};
		BB72702B22B7F3D7006C386B /* Debug */ = {
			isa = XCBuildConfiguration;
			buildSettings = {
				ALWAYS_EMBED_SWIFT_STANDARD_LIBRARIES = YES;
				CODE_SIGN_STYLE = Automatic;
				INFOPLIST_FILE = PollAppUITests/Info.plist;
				LD_RUNPATH_SEARCH_PATHS = (
					"$(inherited)",
					"@executable_path/Frameworks",
					"@loader_path/Frameworks",
				);
				PRODUCT_BUNDLE_IDENTIFIER = Crawtech.PollAppUITests;
				PRODUCT_NAME = "$(TARGET_NAME)";
				SWIFT_VERSION = 5.0;
				TARGETED_DEVICE_FAMILY = "1,2";
				TEST_TARGET_NAME = PollApp;
			};
			name = Debug;
		};
		BB72702C22B7F3D7006C386B /* Release */ = {
			isa = XCBuildConfiguration;
			buildSettings = {
				ALWAYS_EMBED_SWIFT_STANDARD_LIBRARIES = YES;
				CODE_SIGN_STYLE = Automatic;
				INFOPLIST_FILE = PollAppUITests/Info.plist;
				LD_RUNPATH_SEARCH_PATHS = (
					"$(inherited)",
					"@executable_path/Frameworks",
					"@loader_path/Frameworks",
				);
				PRODUCT_BUNDLE_IDENTIFIER = Crawtech.PollAppUITests;
				PRODUCT_NAME = "$(TARGET_NAME)";
				SWIFT_VERSION = 5.0;
				TARGETED_DEVICE_FAMILY = "1,2";
				TEST_TARGET_NAME = PollApp;
			};
			name = Release;
		};
/* End XCBuildConfiguration section */

/* Begin XCConfigurationList section */
		BB726FF722B7F3D5006C386B /* Build configuration list for PBXProject "PollApp" */ = {
			isa = XCConfigurationList;
			buildConfigurations = (
				BB72702222B7F3D7006C386B /* Debug */,
				BB72702322B7F3D7006C386B /* Release */,
			);
			defaultConfigurationIsVisible = 0;
			defaultConfigurationName = Release;
		};
		BB72702422B7F3D7006C386B /* Build configuration list for PBXNativeTarget "PollApp" */ = {
			isa = XCConfigurationList;
			buildConfigurations = (
				BB72702522B7F3D7006C386B /* Debug */,
				BB72702622B7F3D7006C386B /* Release */,
			);
			defaultConfigurationIsVisible = 0;
			defaultConfigurationName = Release;
		};
		BB72702722B7F3D7006C386B /* Build configuration list for PBXNativeTarget "PollAppTests" */ = {
			isa = XCConfigurationList;
			buildConfigurations = (
				BB72702822B7F3D7006C386B /* Debug */,
				BB72702922B7F3D7006C386B /* Release */,
			);
			defaultConfigurationIsVisible = 0;
			defaultConfigurationName = Release;
		};
		BB72702A22B7F3D7006C386B /* Build configuration list for PBXNativeTarget "PollAppUITests" */ = {
			isa = XCConfigurationList;
			buildConfigurations = (
				BB72702B22B7F3D7006C386B /* Debug */,
				BB72702C22B7F3D7006C386B /* Release */,
			);
			defaultConfigurationIsVisible = 0;
			defaultConfigurationName = Release;
		};
/* End XCConfigurationList section */
	};
	rootObject = BB726FF422B7F3D5006C386B /* Project object */;
}
