// !$*UTF8*$!
{
	archiveVersion = 1;
	classes = {
	};
	objectVersion = 51;
	objects = {

/* Begin PBXBuildFile section */
		6C559DCAB840EB20EB6C6590 /* Pods_PollApp.framework in Frameworks */ = {isa = PBXBuildFile; fileRef = 2EF3CCE1927B1751DF959AE7 /* Pods_PollApp.framework */; };
		731DA04722E0EC370044749B /* TabSuperview.swift in Sources */ = {isa = PBXBuildFile; fileRef = 731DA04622E0EC370044749B /* TabSuperview.swift */; };
		731DFA8922C267490095EA1A /* Slide.swift in Sources */ = {isa = PBXBuildFile; fileRef = 731DFA8822C267490095EA1A /* Slide.swift */; };
		73241BA522C68E1A00104FA7 /* SlideViewController.swift in Sources */ = {isa = PBXBuildFile; fileRef = 73241BA422C68E1A00104FA7 /* SlideViewController.swift */; };
		734C0A6322D527FD008F8A3A /* ItemCell.swift in Sources */ = {isa = PBXBuildFile; fileRef = 734C0A6222D527FD008F8A3A /* ItemCell.swift */; };
		73A2BEBD22BD566D00B71A37 /* OpenSans-SemiBold.ttf in Resources */ = {isa = PBXBuildFile; fileRef = 73A2BEB522BD566D00B71A37 /* OpenSans-SemiBold.ttf */; };
		73A2BEBE22BD566D00B71A37 /* SourceSansPro-Regular.ttf in Resources */ = {isa = PBXBuildFile; fileRef = 73A2BEB622BD566D00B71A37 /* SourceSansPro-Regular.ttf */; };
		73A2BEBF22BD566D00B71A37 /* SourceSansPro-LightItalic.ttf in Resources */ = {isa = PBXBuildFile; fileRef = 73A2BEB722BD566D00B71A37 /* SourceSansPro-LightItalic.ttf */; };
		73A2BEC022BD566D00B71A37 /* OpenSans-Light.ttf in Resources */ = {isa = PBXBuildFile; fileRef = 73A2BEB822BD566D00B71A37 /* OpenSans-Light.ttf */; };
		73A2BEC122BD566D00B71A37 /* PlayfairDisplay-Regular.ttf in Resources */ = {isa = PBXBuildFile; fileRef = 73A2BEB922BD566D00B71A37 /* PlayfairDisplay-Regular.ttf */; };
		73A2BEC222BD566D00B71A37 /* OpenSans-LightItalic.ttf in Resources */ = {isa = PBXBuildFile; fileRef = 73A2BEBA22BD566D00B71A37 /* OpenSans-LightItalic.ttf */; };
		73A2BEC322BD566D00B71A37 /* OpenSans-SemiBoldItalic.ttf in Resources */ = {isa = PBXBuildFile; fileRef = 73A2BEBB22BD566D00B71A37 /* OpenSans-SemiBoldItalic.ttf */; };
		73A2BEC422BD566D00B71A37 /* OpenSans-Regular.ttf in Resources */ = {isa = PBXBuildFile; fileRef = 73A2BEBC22BD566D00B71A37 /* OpenSans-Regular.ttf */; };
		73A92E7422EF78A40063C3F4 /* MyProfileView.swift in Sources */ = {isa = PBXBuildFile; fileRef = 73A92E7322EF78A40063C3F4 /* MyProfileView.swift */; };
		73EF61DB22E4EB1B00293245 /* Media.xcassets in Resources */ = {isa = PBXBuildFile; fileRef = 73EF61DA22E4EB1B00293245 /* Media.xcassets */; };
		9602B756FC916F2BE8025048 /* Pods_PollAppTests.framework in Frameworks */ = {isa = PBXBuildFile; fileRef = 50C0732744EA6C212C75E088 /* Pods_PollAppTests.framework */; };
		BB14550122B958BA00CBF426 /* VerifyViewController.swift in Sources */ = {isa = PBXBuildFile; fileRef = BB14550022B958BA00CBF426 /* VerifyViewController.swift */; };
		BB3A846722DCEE1E0082AB64 /* SearchTableViewController.swift in Sources */ = {isa = PBXBuildFile; fileRef = BB3A846622DCEE1E0082AB64 /* SearchTableViewController.swift */; };
		BB3D2F8222E0D5DD00723A10 /* PollTableViewCell.swift in Sources */ = {isa = PBXBuildFile; fileRef = BB3D2F8122E0D5DD00723A10 /* PollTableViewCell.swift */; };
		BB3D2F8622E22B9500723A10 /* FeedTableViewController.swift in Sources */ = {isa = PBXBuildFile; fileRef = BB3D2F8522E22B9500723A10 /* FeedTableViewController.swift */; };
		BB4610C522F09CD3008A6191 /* SettingsViewController.swift in Sources */ = {isa = PBXBuildFile; fileRef = BB4610C422F09CD3008A6191 /* SettingsViewController.swift */; };
		BB4610C722F0A310008A6191 /* BioViewController.swift in Sources */ = {isa = PBXBuildFile; fileRef = BB4610C622F0A310008A6191 /* BioViewController.swift */; };
		BB487F2322D3B97800BED4A4 /* PollCreatorViewController.swift in Sources */ = {isa = PBXBuildFile; fileRef = BB487F2222D3B97800BED4A4 /* PollCreatorViewController.swift */; };
		BB5DEEAC22BD3C38006A0C81 /* API.swift in Sources */ = {isa = PBXBuildFile; fileRef = BB5DEEAB22BD3C38006A0C81 /* API.swift */; };
		BB5DEEC522BD6B24006A0C81 /* GoogleService-Info.plist in Resources */ = {isa = PBXBuildFile; fileRef = BB5DEEC422BD6B23006A0C81 /* GoogleService-Info.plist */; };
		BB72700022B7F3D5006C386B /* AppDelegate.swift in Sources */ = {isa = PBXBuildFile; fileRef = BB726FFF22B7F3D5006C386B /* AppDelegate.swift */; };
		BB72700222B7F3D5006C386B /* ViewController.swift in Sources */ = {isa = PBXBuildFile; fileRef = BB72700122B7F3D5006C386B /* ViewController.swift */; };
		BB72700522B7F3D5006C386B /* Main.storyboard in Resources */ = {isa = PBXBuildFile; fileRef = BB72700322B7F3D5006C386B /* Main.storyboard */; };
		BB72700A22B7F3D7006C386B /* LaunchScreen.storyboard in Resources */ = {isa = PBXBuildFile; fileRef = BB72700822B7F3D7006C386B /* LaunchScreen.storyboard */; };
		BB72701522B7F3D7006C386B /* PollAppTests.swift in Sources */ = {isa = PBXBuildFile; fileRef = BB72701422B7F3D7006C386B /* PollAppTests.swift */; };
		BB72702022B7F3D7006C386B /* PollAppUITests.swift in Sources */ = {isa = PBXBuildFile; fileRef = BB72701F22B7F3D7006C386B /* PollAppUITests.swift */; };
		ECD13F2BBD4BA55E374062DA /* Pods_PollAppUITests.framework in Frameworks */ = {isa = PBXBuildFile; fileRef = 98270D507219851B08D7A341 /* Pods_PollAppUITests.framework */; };
/* End PBXBuildFile section */

/* Begin PBXContainerItemProxy section */
		BB72701122B7F3D7006C386B /* PBXContainerItemProxy */ = {
			isa = PBXContainerItemProxy;
			containerPortal = BB726FF422B7F3D5006C386B /* Project object */;
			proxyType = 1;
			remoteGlobalIDString = BB726FFB22B7F3D5006C386B;
			remoteInfo = PollApp;
		};
		BB72701C22B7F3D7006C386B /* PBXContainerItemProxy */ = {
			isa = PBXContainerItemProxy;
			containerPortal = BB726FF422B7F3D5006C386B /* Project object */;
			proxyType = 1;
			remoteGlobalIDString = BB726FFB22B7F3D5006C386B;
			remoteInfo = PollApp;
		};
/* End PBXContainerItemProxy section */

/* Begin PBXFileReference section */
		0467D52E64D3E3B6FEE54461 /* Pods-PollAppUITests.release.xcconfig */ = {isa = PBXFileReference; includeInIndex = 1; lastKnownFileType = text.xcconfig; name = "Pods-PollAppUITests.release.xcconfig"; path = "Target Support Files/Pods-PollAppUITests/Pods-PollAppUITests.release.xcconfig"; sourceTree = "<group>"; };
		07F513792EB8895E952C0192 /* Pods-PollAppTests.debug.xcconfig */ = {isa = PBXFileReference; includeInIndex = 1; lastKnownFileType = text.xcconfig; name = "Pods-PollAppTests.debug.xcconfig"; path = "Target Support Files/Pods-PollAppTests/Pods-PollAppTests.debug.xcconfig"; sourceTree = "<group>"; };
		2EF3CCE1927B1751DF959AE7 /* Pods_PollApp.framework */ = {isa = PBXFileReference; explicitFileType = wrapper.framework; includeInIndex = 0; path = Pods_PollApp.framework; sourceTree = BUILT_PRODUCTS_DIR; };
		50C0732744EA6C212C75E088 /* Pods_PollAppTests.framework */ = {isa = PBXFileReference; explicitFileType = wrapper.framework; includeInIndex = 0; path = Pods_PollAppTests.framework; sourceTree = BUILT_PRODUCTS_DIR; };
		63B79D426906A945F3B53799 /* Pods-PollApp.debug.xcconfig */ = {isa = PBXFileReference; includeInIndex = 1; lastKnownFileType = text.xcconfig; name = "Pods-PollApp.debug.xcconfig"; path = "Target Support Files/Pods-PollApp/Pods-PollApp.debug.xcconfig"; sourceTree = "<group>"; };
		731DA04622E0EC370044749B /* TabSuperview.swift */ = {isa = PBXFileReference; lastKnownFileType = sourcecode.swift; path = TabSuperview.swift; sourceTree = "<group>"; };
		731DFA8822C267490095EA1A /* Slide.swift */ = {isa = PBXFileReference; lastKnownFileType = sourcecode.swift; path = Slide.swift; sourceTree = "<group>"; };
		73241BA422C68E1A00104FA7 /* SlideViewController.swift */ = {isa = PBXFileReference; lastKnownFileType = sourcecode.swift; path = SlideViewController.swift; sourceTree = "<group>"; };
		734C0A6222D527FD008F8A3A /* ItemCell.swift */ = {isa = PBXFileReference; lastKnownFileType = sourcecode.swift; path = ItemCell.swift; sourceTree = "<group>"; };
		73A2BEB522BD566D00B71A37 /* OpenSans-SemiBold.ttf */ = {isa = PBXFileReference; lastKnownFileType = file; path = "OpenSans-SemiBold.ttf"; sourceTree = "<group>"; };
		73A2BEB622BD566D00B71A37 /* SourceSansPro-Regular.ttf */ = {isa = PBXFileReference; lastKnownFileType = file; path = "SourceSansPro-Regular.ttf"; sourceTree = "<group>"; };
		73A2BEB722BD566D00B71A37 /* SourceSansPro-LightItalic.ttf */ = {isa = PBXFileReference; lastKnownFileType = file; path = "SourceSansPro-LightItalic.ttf"; sourceTree = "<group>"; };
		73A2BEB822BD566D00B71A37 /* OpenSans-Light.ttf */ = {isa = PBXFileReference; lastKnownFileType = file; path = "OpenSans-Light.ttf"; sourceTree = "<group>"; };
		73A2BEB922BD566D00B71A37 /* PlayfairDisplay-Regular.ttf */ = {isa = PBXFileReference; lastKnownFileType = file; path = "PlayfairDisplay-Regular.ttf"; sourceTree = "<group>"; };
		73A2BEBA22BD566D00B71A37 /* OpenSans-LightItalic.ttf */ = {isa = PBXFileReference; lastKnownFileType = file; path = "OpenSans-LightItalic.ttf"; sourceTree = "<group>"; };
		73A2BEBB22BD566D00B71A37 /* OpenSans-SemiBoldItalic.ttf */ = {isa = PBXFileReference; lastKnownFileType = file; path = "OpenSans-SemiBoldItalic.ttf"; sourceTree = "<group>"; };
		73A2BEBC22BD566D00B71A37 /* OpenSans-Regular.ttf */ = {isa = PBXFileReference; lastKnownFileType = file; path = "OpenSans-Regular.ttf"; sourceTree = "<group>"; };
		73A92E7322EF78A40063C3F4 /* MyProfileView.swift */ = {isa = PBXFileReference; lastKnownFileType = sourcecode.swift; path = MyProfileView.swift; sourceTree = "<group>"; };
		73EF61DA22E4EB1B00293245 /* Media.xcassets */ = {isa = PBXFileReference; lastKnownFileType = folder.assetcatalog; path = Media.xcassets; sourceTree = "<group>"; };
		8D1FC14EB0E5B63229D0D9A6 /* Pods-PollAppTests.release.xcconfig */ = {isa = PBXFileReference; includeInIndex = 1; lastKnownFileType = text.xcconfig; name = "Pods-PollAppTests.release.xcconfig"; path = "Target Support Files/Pods-PollAppTests/Pods-PollAppTests.release.xcconfig"; sourceTree = "<group>"; };
		98270D507219851B08D7A341 /* Pods_PollAppUITests.framework */ = {isa = PBXFileReference; explicitFileType = wrapper.framework; includeInIndex = 0; path = Pods_PollAppUITests.framework; sourceTree = BUILT_PRODUCTS_DIR; };
		BB14550022B958BA00CBF426 /* VerifyViewController.swift */ = {isa = PBXFileReference; lastKnownFileType = sourcecode.swift; path = VerifyViewController.swift; sourceTree = "<group>"; };
		BB3A846622DCEE1E0082AB64 /* SearchTableViewController.swift */ = {isa = PBXFileReference; lastKnownFileType = sourcecode.swift; path = SearchTableViewController.swift; sourceTree = "<group>"; };
		BB3D2F8122E0D5DD00723A10 /* PollTableViewCell.swift */ = {isa = PBXFileReference; lastKnownFileType = sourcecode.swift; path = PollTableViewCell.swift; sourceTree = "<group>"; };
		BB3D2F8522E22B9500723A10 /* FeedTableViewController.swift */ = {isa = PBXFileReference; lastKnownFileType = sourcecode.swift; path = FeedTableViewController.swift; sourceTree = "<group>"; };
		BB4610C422F09CD3008A6191 /* SettingsViewController.swift */ = {isa = PBXFileReference; lastKnownFileType = sourcecode.swift; path = SettingsViewController.swift; sourceTree = "<group>"; };
		BB4610C622F0A310008A6191 /* BioViewController.swift */ = {isa = PBXFileReference; lastKnownFileType = sourcecode.swift; path = BioViewController.swift; sourceTree = "<group>"; };
		BB487F2222D3B97800BED4A4 /* PollCreatorViewController.swift */ = {isa = PBXFileReference; lastKnownFileType = sourcecode.swift; path = PollCreatorViewController.swift; sourceTree = "<group>"; };
		BB5DEEAB22BD3C38006A0C81 /* API.swift */ = {isa = PBXFileReference; lastKnownFileType = sourcecode.swift; path = API.swift; sourceTree = "<group>"; };
		BB5DEEC422BD6B23006A0C81 /* GoogleService-Info.plist */ = {isa = PBXFileReference; fileEncoding = 4; lastKnownFileType = text.plist.xml; path = "GoogleService-Info.plist"; sourceTree = "<group>"; };
		BB726FFC22B7F3D5006C386B /* PollApp.app */ = {isa = PBXFileReference; explicitFileType = wrapper.application; includeInIndex = 0; path = PollApp.app; sourceTree = BUILT_PRODUCTS_DIR; };
		BB726FFF22B7F3D5006C386B /* AppDelegate.swift */ = {isa = PBXFileReference; lastKnownFileType = sourcecode.swift; path = AppDelegate.swift; sourceTree = "<group>"; };
		BB72700122B7F3D5006C386B /* ViewController.swift */ = {isa = PBXFileReference; lastKnownFileType = sourcecode.swift; path = ViewController.swift; sourceTree = "<group>"; };
		BB72700422B7F3D5006C386B /* Base */ = {isa = PBXFileReference; lastKnownFileType = file.storyboard; name = Base; path = Base.lproj/Main.storyboard; sourceTree = "<group>"; };
		BB72700922B7F3D7006C386B /* Base */ = {isa = PBXFileReference; lastKnownFileType = file.storyboard; name = Base; path = Base.lproj/LaunchScreen.storyboard; sourceTree = "<group>"; };
		BB72700B22B7F3D7006C386B /* Info.plist */ = {isa = PBXFileReference; lastKnownFileType = text.plist.xml; path = Info.plist; sourceTree = "<group>"; };
		BB72701022B7F3D7006C386B /* PollAppTests.xctest */ = {isa = PBXFileReference; explicitFileType = wrapper.cfbundle; includeInIndex = 0; path = PollAppTests.xctest; sourceTree = BUILT_PRODUCTS_DIR; };
		BB72701422B7F3D7006C386B /* PollAppTests.swift */ = {isa = PBXFileReference; lastKnownFileType = sourcecode.swift; path = PollAppTests.swift; sourceTree = "<group>"; };
		BB72701622B7F3D7006C386B /* Info.plist */ = {isa = PBXFileReference; lastKnownFileType = text.plist.xml; path = Info.plist; sourceTree = "<group>"; };
		BB72701B22B7F3D7006C386B /* PollAppUITests.xctest */ = {isa = PBXFileReference; explicitFileType = wrapper.cfbundle; includeInIndex = 0; path = PollAppUITests.xctest; sourceTree = BUILT_PRODUCTS_DIR; };
		BB72701F22B7F3D7006C386B /* PollAppUITests.swift */ = {isa = PBXFileReference; lastKnownFileType = sourcecode.swift; path = PollAppUITests.swift; sourceTree = "<group>"; };
		BB72702122B7F3D7006C386B /* Info.plist */ = {isa = PBXFileReference; lastKnownFileType = text.plist.xml; path = Info.plist; sourceTree = "<group>"; };
		BB7360D422B944B9002210D3 /* PollApp.entitlements */ = {isa = PBXFileReference; lastKnownFileType = text.plist.entitlements; path = PollApp.entitlements; sourceTree = "<group>"; };
		BDDF97E7AC452DF08ED85B36 /* Pods-PollAppUITests.debug.xcconfig */ = {isa = PBXFileReference; includeInIndex = 1; lastKnownFileType = text.xcconfig; name = "Pods-PollAppUITests.debug.xcconfig"; path = "Target Support Files/Pods-PollAppUITests/Pods-PollAppUITests.debug.xcconfig"; sourceTree = "<group>"; };
		E56D390605BA2557300FFF0D /* Pods-PollApp.release.xcconfig */ = {isa = PBXFileReference; includeInIndex = 1; lastKnownFileType = text.xcconfig; name = "Pods-PollApp.release.xcconfig"; path = "Target Support Files/Pods-PollApp/Pods-PollApp.release.xcconfig"; sourceTree = "<group>"; };
/* End PBXFileReference section */

/* Begin PBXFrameworksBuildPhase section */
		BB726FF922B7F3D5006C386B /* Frameworks */ = {
			isa = PBXFrameworksBuildPhase;
			buildActionMask = 2147483647;
			files = (
				6C559DCAB840EB20EB6C6590 /* Pods_PollApp.framework in Frameworks */,
			);
			runOnlyForDeploymentPostprocessing = 0;
		};
		BB72700D22B7F3D7006C386B /* Frameworks */ = {
			isa = PBXFrameworksBuildPhase;
			buildActionMask = 2147483647;
			files = (
				9602B756FC916F2BE8025048 /* Pods_PollAppTests.framework in Frameworks */,
			);
			runOnlyForDeploymentPostprocessing = 0;
		};
		BB72701822B7F3D7006C386B /* Frameworks */ = {
			isa = PBXFrameworksBuildPhase;
			buildActionMask = 2147483647;
			files = (
				ECD13F2BBD4BA55E374062DA /* Pods_PollAppUITests.framework in Frameworks */,
			);
			runOnlyForDeploymentPostprocessing = 0;
		};
/* End PBXFrameworksBuildPhase section */

/* Begin PBXGroup section */
		3A9DB56EC8B06E9764F07924 /* Frameworks */ = {
			isa = PBXGroup;
			children = (
				2EF3CCE1927B1751DF959AE7 /* Pods_PollApp.framework */,
				50C0732744EA6C212C75E088 /* Pods_PollAppTests.framework */,
				98270D507219851B08D7A341 /* Pods_PollAppUITests.framework */,
			);
			name = Frameworks;
			sourceTree = "<group>";
		};
		73A2BEB422BD566D00B71A37 /* fonts */ = {
			isa = PBXGroup;
			children = (
				73A2BEB522BD566D00B71A37 /* OpenSans-SemiBold.ttf */,
				73A2BEB622BD566D00B71A37 /* SourceSansPro-Regular.ttf */,
				73A2BEB722BD566D00B71A37 /* SourceSansPro-LightItalic.ttf */,
				73A2BEB822BD566D00B71A37 /* OpenSans-Light.ttf */,
				73A2BEB922BD566D00B71A37 /* PlayfairDisplay-Regular.ttf */,
				73A2BEBA22BD566D00B71A37 /* OpenSans-LightItalic.ttf */,
				73A2BEBB22BD566D00B71A37 /* OpenSans-SemiBoldItalic.ttf */,
				73A2BEBC22BD566D00B71A37 /* OpenSans-Regular.ttf */,
			);
			path = fonts;
			sourceTree = "<group>";
		};
		BB726FF322B7F3D5006C386B = {
			isa = PBXGroup;
			children = (
				BB726FFE22B7F3D5006C386B /* PollApp */,
				BB72701322B7F3D7006C386B /* PollAppTests */,
				BB72701E22B7F3D7006C386B /* PollAppUITests */,
				BB726FFD22B7F3D5006C386B /* Products */,
				BC6084CA03DD9D63FBB09782 /* Pods */,
				3A9DB56EC8B06E9764F07924 /* Frameworks */,
			);
			sourceTree = "<group>";
		};
		BB726FFD22B7F3D5006C386B /* Products */ = {
			isa = PBXGroup;
			children = (
				BB726FFC22B7F3D5006C386B /* PollApp.app */,
				BB72701022B7F3D7006C386B /* PollAppTests.xctest */,
				BB72701B22B7F3D7006C386B /* PollAppUITests.xctest */,
			);
			name = Products;
			sourceTree = "<group>";
		};
		BB726FFE22B7F3D5006C386B /* PollApp */ = {
			isa = PBXGroup;
			children = (
				BB5DEEC422BD6B23006A0C81 /* GoogleService-Info.plist */,
				BB5DEEAB22BD3C38006A0C81 /* API.swift */,
				BB7360D422B944B9002210D3 /* PollApp.entitlements */,
				BB726FFF22B7F3D5006C386B /* AppDelegate.swift */,
				BB72700122B7F3D5006C386B /* ViewController.swift */,
				731DFA8822C267490095EA1A /* Slide.swift */,
				73A2BEB422BD566D00B71A37 /* fonts */,
				BB14550022B958BA00CBF426 /* VerifyViewController.swift */,
				BB72700322B7F3D5006C386B /* Main.storyboard */,
				BB4610C622F0A310008A6191 /* BioViewController.swift */,
				BB4610C422F09CD3008A6191 /* SettingsViewController.swift */,
				73A92E7322EF78A40063C3F4 /* MyProfileView.swift */,
				73EF61DA22E4EB1B00293245 /* Media.xcassets */,
				BB3D2F8522E22B9500723A10 /* FeedTableViewController.swift */,
				731DA04622E0EC370044749B /* TabSuperview.swift */,
				BB3D2F8122E0D5DD00723A10 /* PollTableViewCell.swift */,
				BB3A846622DCEE1E0082AB64 /* SearchTableViewController.swift */,
				BB487F2222D3B97800BED4A4 /* PollCreatorViewController.swift */,
				73241BA422C68E1A00104FA7 /* SlideViewController.swift */,
				734C0A6222D527FD008F8A3A /* ItemCell.swift */,
				BB72700822B7F3D7006C386B /* LaunchScreen.storyboard */,
				BB72700B22B7F3D7006C386B /* Info.plist */,
			);
			path = PollApp;
			sourceTree = "<group>";
		};
		BB72701322B7F3D7006C386B /* PollAppTests */ = {
			isa = PBXGroup;
			children = (
				BB72701422B7F3D7006C386B /* PollAppTests.swift */,
				BB72701622B7F3D7006C386B /* Info.plist */,
			);
			path = PollAppTests;
			sourceTree = "<group>";
		};
		BB72701E22B7F3D7006C386B /* PollAppUITests */ = {
			isa = PBXGroup;
			children = (
				BB72701F22B7F3D7006C386B /* PollAppUITests.swift */,
				BB72702122B7F3D7006C386B /* Info.plist */,
			);
			path = PollAppUITests;
			sourceTree = "<group>";
		};
		BC6084CA03DD9D63FBB09782 /* Pods */ = {
			isa = PBXGroup;
			children = (
				63B79D426906A945F3B53799 /* Pods-PollApp.debug.xcconfig */,
				E56D390605BA2557300FFF0D /* Pods-PollApp.release.xcconfig */,
				07F513792EB8895E952C0192 /* Pods-PollAppTests.debug.xcconfig */,
				8D1FC14EB0E5B63229D0D9A6 /* Pods-PollAppTests.release.xcconfig */,
				BDDF97E7AC452DF08ED85B36 /* Pods-PollAppUITests.debug.xcconfig */,
				0467D52E64D3E3B6FEE54461 /* Pods-PollAppUITests.release.xcconfig */,
			);
			path = Pods;
			sourceTree = "<group>";
		};
/* End PBXGroup section */

/* Begin PBXNativeTarget section */
		BB726FFB22B7F3D5006C386B /* PollApp */ = {
			isa = PBXNativeTarget;
			buildConfigurationList = BB72702422B7F3D7006C386B /* Build configuration list for PBXNativeTarget "PollApp" */;
			buildPhases = (
				0B1F0BD988C1BCCD20DEF794 /* [CP] Check Pods Manifest.lock */,
				BB726FF822B7F3D5006C386B /* Sources */,
				BB726FF922B7F3D5006C386B /* Frameworks */,
				BB726FFA22B7F3D5006C386B /* Resources */,
				0A5B5C1D76CDCCEA0E3C6728 /* [CP] Embed Pods Frameworks */,
				BB9CEB2A22C2B062009150AC /* ShellScript */,
			);
			buildRules = (
			);
			dependencies = (
			);
			name = PollApp;
			productName = PollApp;
			productReference = BB726FFC22B7F3D5006C386B /* PollApp.app */;
			productType = "com.apple.product-type.application";
		};
		BB72700F22B7F3D7006C386B /* PollAppTests */ = {
			isa = PBXNativeTarget;
			buildConfigurationList = BB72702722B7F3D7006C386B /* Build configuration list for PBXNativeTarget "PollAppTests" */;
			buildPhases = (
				2DABF070BB9B49176A88185A /* [CP] Check Pods Manifest.lock */,
				BB72700C22B7F3D7006C386B /* Sources */,
				BB72700D22B7F3D7006C386B /* Frameworks */,
				BB72700E22B7F3D7006C386B /* Resources */,
			);
			buildRules = (
			);
			dependencies = (
				BB72701222B7F3D7006C386B /* PBXTargetDependency */,
			);
			name = PollAppTests;
			productName = PollAppTests;
			productReference = BB72701022B7F3D7006C386B /* PollAppTests.xctest */;
			productType = "com.apple.product-type.bundle.unit-test";
		};
		BB72701A22B7F3D7006C386B /* PollAppUITests */ = {
			isa = PBXNativeTarget;
			buildConfigurationList = BB72702A22B7F3D7006C386B /* Build configuration list for PBXNativeTarget "PollAppUITests" */;
			buildPhases = (
				545B33727F1C3705014ACBC1 /* [CP] Check Pods Manifest.lock */,
				BB72701722B7F3D7006C386B /* Sources */,
				BB72701822B7F3D7006C386B /* Frameworks */,
				BB72701922B7F3D7006C386B /* Resources */,
			);
			buildRules = (
			);
			dependencies = (
				BB72701D22B7F3D7006C386B /* PBXTargetDependency */,
			);
			name = PollAppUITests;
			productName = PollAppUITests;
			productReference = BB72701B22B7F3D7006C386B /* PollAppUITests.xctest */;
			productType = "com.apple.product-type.bundle.ui-testing";
		};
/* End PBXNativeTarget section */

/* Begin PBXProject section */
		BB726FF422B7F3D5006C386B /* Project object */ = {
			isa = PBXProject;
			attributes = {
				LastSwiftUpdateCheck = 1020;
				LastUpgradeCheck = 1020;
				ORGANIZATIONNAME = Crawtech;
				TargetAttributes = {
					BB726FFB22B7F3D5006C386B = {
						CreatedOnToolsVersion = 10.2.1;
						SystemCapabilities = {
							com.apple.BackgroundModes = {
								enabled = 1;
							};
							com.apple.Push = {
								enabled = 1;
							};
							com.apple.Siri = {
								enabled = 0;
							};
							com.apple.WAC = {
								enabled = 0;
							};
						};
					};
					BB72700F22B7F3D7006C386B = {
						CreatedOnToolsVersion = 10.2.1;
						TestTargetID = BB726FFB22B7F3D5006C386B;
					};
					BB72701A22B7F3D7006C386B = {
						CreatedOnToolsVersion = 10.2.1;
						TestTargetID = BB726FFB22B7F3D5006C386B;
					};
				};
			};
			buildConfigurationList = BB726FF722B7F3D5006C386B /* Build configuration list for PBXProject "PollApp" */;
			compatibilityVersion = "Xcode 9.3";
			developmentRegion = en;
			hasScannedForEncodings = 0;
			knownRegions = (
				en,
				Base,
			);
			mainGroup = BB726FF322B7F3D5006C386B;
			productRefGroup = BB726FFD22B7F3D5006C386B /* Products */;
			projectDirPath = "";
			projectRoot = "";
			targets = (
				BB726FFB22B7F3D5006C386B /* PollApp */,
				BB72700F22B7F3D7006C386B /* PollAppTests */,
				BB72701A22B7F3D7006C386B /* PollAppUITests */,
			);
		};
/* End PBXProject section */

/* Begin PBXResourcesBuildPhase section */
		BB726FFA22B7F3D5006C386B /* Resources */ = {
			isa = PBXResourcesBuildPhase;
			buildActionMask = 2147483647;
			files = (
				73A2BEBF22BD566D00B71A37 /* SourceSansPro-LightItalic.ttf in Resources */,
				BB72700A22B7F3D7006C386B /* LaunchScreen.storyboard in Resources */,
				73A2BEC122BD566D00B71A37 /* PlayfairDisplay-Regular.ttf in Resources */,
				73A2BEC022BD566D00B71A37 /* OpenSans-Light.ttf in Resources */,
				73A2BEC222BD566D00B71A37 /* OpenSans-LightItalic.ttf in Resources */,
				BB5DEEC522BD6B24006A0C81 /* GoogleService-Info.plist in Resources */,
				73A2BEBD22BD566D00B71A37 /* OpenSans-SemiBold.ttf in Resources */,
				73A2BEC322BD566D00B71A37 /* OpenSans-SemiBoldItalic.ttf in Resources */,
				BB72700522B7F3D5006C386B /* Main.storyboard in Resources */,
				73A2BEC422BD566D00B71A37 /* OpenSans-Regular.ttf in Resources */,
				73EF61DB22E4EB1B00293245 /* Media.xcassets in Resources */,
				73A2BEBE22BD566D00B71A37 /* SourceSansPro-Regular.ttf in Resources */,
			);
			runOnlyForDeploymentPostprocessing = 0;
		};
		BB72700E22B7F3D7006C386B /* Resources */ = {
			isa = PBXResourcesBuildPhase;
			buildActionMask = 2147483647;
			files = (
			);
			runOnlyForDeploymentPostprocessing = 0;
		};
		BB72701922B7F3D7006C386B /* Resources */ = {
			isa = PBXResourcesBuildPhase;
			buildActionMask = 2147483647;
			files = (
			);
			runOnlyForDeploymentPostprocessing = 0;
		};
/* End PBXResourcesBuildPhase section */

/* Begin PBXShellScriptBuildPhase section */
		0A5B5C1D76CDCCEA0E3C6728 /* [CP] Embed Pods Frameworks */ = {
			isa = PBXShellScriptBuildPhase;
			buildActionMask = 2147483647;
			files = (
			);
			inputFileListPaths = (
				"${PODS_ROOT}/Target Support Files/Pods-PollApp/Pods-PollApp-frameworks-${CONFIGURATION}-input-files.xcfilelist",
			);
			name = "[CP] Embed Pods Frameworks";
			outputFileListPaths = (
				"${PODS_ROOT}/Target Support Files/Pods-PollApp/Pods-PollApp-frameworks-${CONFIGURATION}-output-files.xcfilelist",
			);
			runOnlyForDeploymentPostprocessing = 0;
			shellPath = /bin/sh;
			shellScript = "\"${PODS_ROOT}/Target Support Files/Pods-PollApp/Pods-PollApp-frameworks.sh\"\n";
			showEnvVarsInLog = 0;
		};
		0B1F0BD988C1BCCD20DEF794 /* [CP] Check Pods Manifest.lock */ = {
			isa = PBXShellScriptBuildPhase;
			buildActionMask = 2147483647;
			files = (
			);
			inputFileListPaths = (
			);
			inputPaths = (
				"${PODS_PODFILE_DIR_PATH}/Podfile.lock",
				"${PODS_ROOT}/Manifest.lock",
			);
			name = "[CP] Check Pods Manifest.lock";
			outputFileListPaths = (
			);
			outputPaths = (
				"$(DERIVED_FILE_DIR)/Pods-PollApp-checkManifestLockResult.txt",
			);
			runOnlyForDeploymentPostprocessing = 0;
			shellPath = /bin/sh;
			shellScript = "diff \"${PODS_PODFILE_DIR_PATH}/Podfile.lock\" \"${PODS_ROOT}/Manifest.lock\" > /dev/null\nif [ $? != 0 ] ; then\n    # print error to STDERR\n    echo \"error: The sandbox is not in sync with the Podfile.lock. Run 'pod install' or update your CocoaPods installation.\" >&2\n    exit 1\nfi\n# This output is used by Xcode 'outputs' to avoid re-running this script phase.\necho \"SUCCESS\" > \"${SCRIPT_OUTPUT_FILE_0}\"\n";
			showEnvVarsInLog = 0;
		};
		2DABF070BB9B49176A88185A /* [CP] Check Pods Manifest.lock */ = {
			isa = PBXShellScriptBuildPhase;
			buildActionMask = 2147483647;
			files = (
			);
			inputFileListPaths = (
			);
			inputPaths = (
				"${PODS_PODFILE_DIR_PATH}/Podfile.lock",
				"${PODS_ROOT}/Manifest.lock",
			);
			name = "[CP] Check Pods Manifest.lock";
			outputFileListPaths = (
			);
			outputPaths = (
				"$(DERIVED_FILE_DIR)/Pods-PollAppTests-checkManifestLockResult.txt",
			);
			runOnlyForDeploymentPostprocessing = 0;
			shellPath = /bin/sh;
			shellScript = "diff \"${PODS_PODFILE_DIR_PATH}/Podfile.lock\" \"${PODS_ROOT}/Manifest.lock\" > /dev/null\nif [ $? != 0 ] ; then\n    # print error to STDERR\n    echo \"error: The sandbox is not in sync with the Podfile.lock. Run 'pod install' or update your CocoaPods installation.\" >&2\n    exit 1\nfi\n# This output is used by Xcode 'outputs' to avoid re-running this script phase.\necho \"SUCCESS\" > \"${SCRIPT_OUTPUT_FILE_0}\"\n";
			showEnvVarsInLog = 0;
		};
		545B33727F1C3705014ACBC1 /* [CP] Check Pods Manifest.lock */ = {
			isa = PBXShellScriptBuildPhase;
			buildActionMask = 2147483647;
			files = (
			);
			inputFileListPaths = (
			);
			inputPaths = (
				"${PODS_PODFILE_DIR_PATH}/Podfile.lock",
				"${PODS_ROOT}/Manifest.lock",
			);
			name = "[CP] Check Pods Manifest.lock";
			outputFileListPaths = (
			);
			outputPaths = (
				"$(DERIVED_FILE_DIR)/Pods-PollAppUITests-checkManifestLockResult.txt",
			);
			runOnlyForDeploymentPostprocessing = 0;
			shellPath = /bin/sh;
			shellScript = "diff \"${PODS_PODFILE_DIR_PATH}/Podfile.lock\" \"${PODS_ROOT}/Manifest.lock\" > /dev/null\nif [ $? != 0 ] ; then\n    # print error to STDERR\n    echo \"error: The sandbox is not in sync with the Podfile.lock. Run 'pod install' or update your CocoaPods installation.\" >&2\n    exit 1\nfi\n# This output is used by Xcode 'outputs' to avoid re-running this script phase.\necho \"SUCCESS\" > \"${SCRIPT_OUTPUT_FILE_0}\"\n";
			showEnvVarsInLog = 0;
		};
		BB9CEB2A22C2B062009150AC /* ShellScript */ = {
			isa = PBXShellScriptBuildPhase;
			buildActionMask = 2147483647;
			files = (
			);
			inputFileListPaths = (
			);
			inputPaths = (
				"$(SRCROOT)/PollApp/GoogleService-Info.plist",
			);
			outputFileListPaths = (
			);
			outputPaths = (
			);
			runOnlyForDeploymentPostprocessing = 0;
			shellPath = /bin/sh;
			shellScript = "# Type a script or drag a script file from your workspace to insert its path.\n\"${PODS_ROOT}/Fabric/run\"\n";
		};
/* End PBXShellScriptBuildPhase section */

/* Begin PBXSourcesBuildPhase section */
		BB726FF822B7F3D5006C386B /* Sources */ = {
			isa = PBXSourcesBuildPhase;
			buildActionMask = 2147483647;
			files = (
				BB487F2322D3B97800BED4A4 /* PollCreatorViewController.swift in Sources */,
				BB14550122B958BA00CBF426 /* VerifyViewController.swift in Sources */,
				734C0A6322D527FD008F8A3A /* ItemCell.swift in Sources */,
				73A92E7422EF78A40063C3F4 /* MyProfileView.swift in Sources */,
				BB72700222B7F3D5006C386B /* ViewController.swift in Sources */,
				BB5DEEAC22BD3C38006A0C81 /* API.swift in Sources */,
				731DFA8922C267490095EA1A /* Slide.swift in Sources */,
				73241BA522C68E1A00104FA7 /* SlideViewController.swift in Sources */,
				BB3D2F8622E22B9500723A10 /* FeedTableViewController.swift in Sources */,
				BB4610C522F09CD3008A6191 /* SettingsViewController.swift in Sources */,
				BB3A846722DCEE1E0082AB64 /* SearchTableViewController.swift in Sources */,
				731DA04722E0EC370044749B /* TabSuperview.swift in Sources */,
				BB3D2F8222E0D5DD00723A10 /* PollTableViewCell.swift in Sources */,
				BB72700022B7F3D5006C386B /* AppDelegate.swift in Sources */,
				BB4610C722F0A310008A6191 /* BioViewController.swift in Sources */,
			);
			runOnlyForDeploymentPostprocessing = 0;
		};
		BB72700C22B7F3D7006C386B /* Sources */ = {
			isa = PBXSourcesBuildPhase;
			buildActionMask = 2147483647;
			files = (
				BB72701522B7F3D7006C386B /* PollAppTests.swift in Sources */,
			);
			runOnlyForDeploymentPostprocessing = 0;
		};
		BB72701722B7F3D7006C386B /* Sources */ = {
			isa = PBXSourcesBuildPhase;
			buildActionMask = 2147483647;
			files = (
				BB72702022B7F3D7006C386B /* PollAppUITests.swift in Sources */,
			);
			runOnlyForDeploymentPostprocessing = 0;
		};
/* End PBXSourcesBuildPhase section */

/* Begin PBXTargetDependency section */
		BB72701222B7F3D7006C386B /* PBXTargetDependency */ = {
			isa = PBXTargetDependency;
			target = BB726FFB22B7F3D5006C386B /* PollApp */;
			targetProxy = BB72701122B7F3D7006C386B /* PBXContainerItemProxy */;
		};
		BB72701D22B7F3D7006C386B /* PBXTargetDependency */ = {
			isa = PBXTargetDependency;
			target = BB726FFB22B7F3D5006C386B /* PollApp */;
			targetProxy = BB72701C22B7F3D7006C386B /* PBXContainerItemProxy */;
		};
/* End PBXTargetDependency section */

/* Begin PBXVariantGroup section */
		BB72700322B7F3D5006C386B /* Main.storyboard */ = {
			isa = PBXVariantGroup;
			children = (
				BB72700422B7F3D5006C386B /* Base */,
			);
			name = Main.storyboard;
			sourceTree = "<group>";
		};
		BB72700822B7F3D7006C386B /* LaunchScreen.storyboard */ = {
			isa = PBXVariantGroup;
			children = (
				BB72700922B7F3D7006C386B /* Base */,
			);
			name = LaunchScreen.storyboard;
			sourceTree = "<group>";
		};
/* End PBXVariantGroup section */

/* Begin XCBuildConfiguration section */
		BB72702222B7F3D7006C386B /* Debug */ = {
			isa = XCBuildConfiguration;
			buildSettings = {
				ALWAYS_SEARCH_USER_PATHS = NO;
				CLANG_ANALYZER_NONNULL = YES;
				CLANG_ANALYZER_NUMBER_OBJECT_CONVERSION = YES_AGGRESSIVE;
				CLANG_CXX_LANGUAGE_STANDARD = "gnu++14";
				CLANG_CXX_LIBRARY = "libc++";
				CLANG_ENABLE_MODULES = YES;
				CLANG_ENABLE_OBJC_ARC = YES;
				CLANG_ENABLE_OBJC_WEAK = YES;
				CLANG_WARN_BLOCK_CAPTURE_AUTORELEASING = YES;
				CLANG_WARN_BOOL_CONVERSION = YES;
				CLANG_WARN_COMMA = YES;
				CLANG_WARN_CONSTANT_CONVERSION = YES;
				CLANG_WARN_DEPRECATED_OBJC_IMPLEMENTATIONS = YES;
				CLANG_WARN_DIRECT_OBJC_ISA_USAGE = YES_ERROR;
				CLANG_WARN_DOCUMENTATION_COMMENTS = YES;
				CLANG_WARN_EMPTY_BODY = YES;
				CLANG_WARN_ENUM_CONVERSION = YES;
				CLANG_WARN_INFINITE_RECURSION = YES;
				CLANG_WARN_INT_CONVERSION = YES;
				CLANG_WARN_NON_LITERAL_NULL_CONVERSION = YES;
				CLANG_WARN_OBJC_IMPLICIT_RETAIN_SELF = YES;
				CLANG_WARN_OBJC_LITERAL_CONVERSION = YES;
				CLANG_WARN_OBJC_ROOT_CLASS = YES_ERROR;
				CLANG_WARN_RANGE_LOOP_ANALYSIS = YES;
				CLANG_WARN_STRICT_PROTOTYPES = YES;
				CLANG_WARN_SUSPICIOUS_MOVE = YES;
				CLANG_WARN_UNGUARDED_AVAILABILITY = YES_AGGRESSIVE;
				CLANG_WARN_UNREACHABLE_CODE = YES;
				CLANG_WARN__DUPLICATE_METHOD_MATCH = YES;
				CODE_SIGN_IDENTITY = "iPhone Developer";
				COPY_PHASE_STRIP = NO;
				DEBUG_INFORMATION_FORMAT = dwarf;
				ENABLE_STRICT_OBJC_MSGSEND = YES;
				ENABLE_TESTABILITY = YES;
				GCC_C_LANGUAGE_STANDARD = gnu11;
				GCC_DYNAMIC_NO_PIC = NO;
				GCC_NO_COMMON_BLOCKS = YES;
				GCC_OPTIMIZATION_LEVEL = 0;
				GCC_PREPROCESSOR_DEFINITIONS = (
					"DEBUG=1",
					"$(inherited)",
				);
				GCC_WARN_64_TO_32_BIT_CONVERSION = YES;
				GCC_WARN_ABOUT_RETURN_TYPE = YES_ERROR;
				GCC_WARN_UNDECLARED_SELECTOR = YES;
				GCC_WARN_UNINITIALIZED_AUTOS = YES_AGGRESSIVE;
				GCC_WARN_UNUSED_FUNCTION = YES;
				GCC_WARN_UNUSED_VARIABLE = YES;
				IPHONEOS_DEPLOYMENT_TARGET = 12.2;
				MTL_ENABLE_DEBUG_INFO = INCLUDE_SOURCE;
				MTL_FAST_MATH = YES;
				ONLY_ACTIVE_ARCH = YES;
				SDKROOT = iphoneos;
				SWIFT_ACTIVE_COMPILATION_CONDITIONS = DEBUG;
				SWIFT_OPTIMIZATION_LEVEL = "-Onone";
			};
			name = Debug;
		};
		BB72702322B7F3D7006C386B /* Release */ = {
			isa = XCBuildConfiguration;
			buildSettings = {
				ALWAYS_SEARCH_USER_PATHS = NO;
				CLANG_ANALYZER_NONNULL = YES;
				CLANG_ANALYZER_NUMBER_OBJECT_CONVERSION = YES_AGGRESSIVE;
				CLANG_CXX_LANGUAGE_STANDARD = "gnu++14";
				CLANG_CXX_LIBRARY = "libc++";
				CLANG_ENABLE_MODULES = YES;
				CLANG_ENABLE_OBJC_ARC = YES;
				CLANG_ENABLE_OBJC_WEAK = YES;
				CLANG_WARN_BLOCK_CAPTURE_AUTORELEASING = YES;
				CLANG_WARN_BOOL_CONVERSION = YES;
				CLANG_WARN_COMMA = YES;
				CLANG_WARN_CONSTANT_CONVERSION = YES;
				CLANG_WARN_DEPRECATED_OBJC_IMPLEMENTATIONS = YES;
				CLANG_WARN_DIRECT_OBJC_ISA_USAGE = YES_ERROR;
				CLANG_WARN_DOCUMENTATION_COMMENTS = YES;
				CLANG_WARN_EMPTY_BODY = YES;
				CLANG_WARN_ENUM_CONVERSION = YES;
				CLANG_WARN_INFINITE_RECURSION = YES;
				CLANG_WARN_INT_CONVERSION = YES;
				CLANG_WARN_NON_LITERAL_NULL_CONVERSION = YES;
				CLANG_WARN_OBJC_IMPLICIT_RETAIN_SELF = YES;
				CLANG_WARN_OBJC_LITERAL_CONVERSION = YES;
				CLANG_WARN_OBJC_ROOT_CLASS = YES_ERROR;
				CLANG_WARN_RANGE_LOOP_ANALYSIS = YES;
				CLANG_WARN_STRICT_PROTOTYPES = YES;
				CLANG_WARN_SUSPICIOUS_MOVE = YES;
				CLANG_WARN_UNGUARDED_AVAILABILITY = YES_AGGRESSIVE;
				CLANG_WARN_UNREACHABLE_CODE = YES;
				CLANG_WARN__DUPLICATE_METHOD_MATCH = YES;
				CODE_SIGN_IDENTITY = "iPhone Developer";
				COPY_PHASE_STRIP = NO;
				DEBUG_INFORMATION_FORMAT = "dwarf-with-dsym";
				ENABLE_NS_ASSERTIONS = NO;
				ENABLE_STRICT_OBJC_MSGSEND = YES;
				GCC_C_LANGUAGE_STANDARD = gnu11;
				GCC_NO_COMMON_BLOCKS = YES;
				GCC_WARN_64_TO_32_BIT_CONVERSION = YES;
				GCC_WARN_ABOUT_RETURN_TYPE = YES_ERROR;
				GCC_WARN_UNDECLARED_SELECTOR = YES;
				GCC_WARN_UNINITIALIZED_AUTOS = YES_AGGRESSIVE;
				GCC_WARN_UNUSED_FUNCTION = YES;
				GCC_WARN_UNUSED_VARIABLE = YES;
				IPHONEOS_DEPLOYMENT_TARGET = 12.2;
				MTL_ENABLE_DEBUG_INFO = NO;
				MTL_FAST_MATH = YES;
				SDKROOT = iphoneos;
				SWIFT_COMPILATION_MODE = wholemodule;
				SWIFT_OPTIMIZATION_LEVEL = "-O";
				VALIDATE_PRODUCT = YES;
			};
			name = Release;
		};
		BB72702522B7F3D7006C386B /* Debug */ = {
			isa = XCBuildConfiguration;
			baseConfigurationReference = 63B79D426906A945F3B53799 /* Pods-PollApp.debug.xcconfig */;
			buildSettings = {
				ASSETCATALOG_COMPILER_APPICON_NAME = AppIcon;
				CODE_SIGN_ENTITLEMENTS = PollApp/PollApp.entitlements;
				CODE_SIGN_STYLE = Automatic;
				DEVELOPMENT_TEAM = 5W2J8485JR;
				INFOPLIST_FILE = PollApp/Info.plist;
				LD_RUNPATH_SEARCH_PATHS = (
					"$(inherited)",
					"@executable_path/Frameworks",
				);
				PRODUCT_BUNDLE_IDENTIFIER = Crawtech.PollApp;
				PRODUCT_NAME = "$(TARGET_NAME)";
				SWIFT_VERSION = 5.0;
				TARGETED_DEVICE_FAMILY = "1,2";
			};
			name = Debug;
		};
		BB72702622B7F3D7006C386B /* Release */ = {
			isa = XCBuildConfiguration;
			baseConfigurationReference = E56D390605BA2557300FFF0D /* Pods-PollApp.release.xcconfig */;
			buildSettings = {
				ASSETCATALOG_COMPILER_APPICON_NAME = AppIcon;
				CODE_SIGN_ENTITLEMENTS = PollApp/PollApp.entitlements;
				CODE_SIGN_STYLE = Automatic;
				DEVELOPMENT_TEAM = 5W2J8485JR;
				INFOPLIST_FILE = PollApp/Info.plist;
				LD_RUNPATH_SEARCH_PATHS = (
					"$(inherited)",
					"@executable_path/Frameworks",
				);
				PRODUCT_BUNDLE_IDENTIFIER = Crawtech.PollApp;
				PRODUCT_NAME = "$(TARGET_NAME)";
				SWIFT_VERSION = 5.0;
				TARGETED_DEVICE_FAMILY = "1,2";
			};
			name = Release;
		};
		BB72702822B7F3D7006C386B /* Debug */ = {
			isa = XCBuildConfiguration;
			baseConfigurationReference = 07F513792EB8895E952C0192 /* Pods-PollAppTests.debug.xcconfig */;
			buildSettings = {
				ALWAYS_EMBED_SWIFT_STANDARD_LIBRARIES = YES;
				BUNDLE_LOADER = "$(TEST_HOST)";
				CODE_SIGN_STYLE = Automatic;
				INFOPLIST_FILE = PollAppTests/Info.plist;
				LD_RUNPATH_SEARCH_PATHS = (
					"$(inherited)",
					"@executable_path/Frameworks",
					"@loader_path/Frameworks",
				);
				PRODUCT_BUNDLE_IDENTIFIER = Crawtech.PollAppTests;
				PRODUCT_NAME = "$(TARGET_NAME)";
				SWIFT_VERSION = 5.0;
				TARGETED_DEVICE_FAMILY = "1,2";
				TEST_HOST = "$(BUILT_PRODUCTS_DIR)/PollApp.app/PollApp";
			};
			name = Debug;
		};
		BB72702922B7F3D7006C386B /* Release */ = {
			isa = XCBuildConfiguration;
			baseConfigurationReference = 8D1FC14EB0E5B63229D0D9A6 /* Pods-PollAppTests.release.xcconfig */;
			buildSettings = {
				ALWAYS_EMBED_SWIFT_STANDARD_LIBRARIES = YES;
				BUNDLE_LOADER = "$(TEST_HOST)";
				CODE_SIGN_STYLE = Automatic;
				INFOPLIST_FILE = PollAppTests/Info.plist;
				LD_RUNPATH_SEARCH_PATHS = (
					"$(inherited)",
					"@executable_path/Frameworks",
					"@loader_path/Frameworks",
				);
				PRODUCT_BUNDLE_IDENTIFIER = Crawtech.PollAppTests;
				PRODUCT_NAME = "$(TARGET_NAME)";
				SWIFT_VERSION = 5.0;
				TARGETED_DEVICE_FAMILY = "1,2";
				TEST_HOST = "$(BUILT_PRODUCTS_DIR)/PollApp.app/PollApp";
			};
			name = Release;
		};
		BB72702B22B7F3D7006C386B /* Debug */ = {
			isa = XCBuildConfiguration;
			baseConfigurationReference = BDDF97E7AC452DF08ED85B36 /* Pods-PollAppUITests.debug.xcconfig */;
			buildSettings = {
				ALWAYS_EMBED_SWIFT_STANDARD_LIBRARIES = YES;
				CODE_SIGN_STYLE = Automatic;
				INFOPLIST_FILE = PollAppUITests/Info.plist;
				LD_RUNPATH_SEARCH_PATHS = (
					"$(inherited)",
					"@executable_path/Frameworks",
					"@loader_path/Frameworks",
				);
				PRODUCT_BUNDLE_IDENTIFIER = Crawtech.PollAppUITests;
				PRODUCT_NAME = "$(TARGET_NAME)";
				SWIFT_VERSION = 5.0;
				TARGETED_DEVICE_FAMILY = "1,2";
				TEST_TARGET_NAME = PollApp;
			};
			name = Debug;
		};
		BB72702C22B7F3D7006C386B /* Release */ = {
			isa = XCBuildConfiguration;
			baseConfigurationReference = 0467D52E64D3E3B6FEE54461 /* Pods-PollAppUITests.release.xcconfig */;
			buildSettings = {
				ALWAYS_EMBED_SWIFT_STANDARD_LIBRARIES = YES;
				CODE_SIGN_STYLE = Automatic;
				INFOPLIST_FILE = PollAppUITests/Info.plist;
				LD_RUNPATH_SEARCH_PATHS = (
					"$(inherited)",
					"@executable_path/Frameworks",
					"@loader_path/Frameworks",
				);
				PRODUCT_BUNDLE_IDENTIFIER = Crawtech.PollAppUITests;
				PRODUCT_NAME = "$(TARGET_NAME)";
				SWIFT_VERSION = 5.0;
				TARGETED_DEVICE_FAMILY = "1,2";
				TEST_TARGET_NAME = PollApp;
			};
			name = Release;
		};
/* End XCBuildConfiguration section */

/* Begin XCConfigurationList section */
		BB726FF722B7F3D5006C386B /* Build configuration list for PBXProject "PollApp" */ = {
			isa = XCConfigurationList;
			buildConfigurations = (
				BB72702222B7F3D7006C386B /* Debug */,
				BB72702322B7F3D7006C386B /* Release */,
			);
			defaultConfigurationIsVisible = 0;
			defaultConfigurationName = Release;
		};
		BB72702422B7F3D7006C386B /* Build configuration list for PBXNativeTarget "PollApp" */ = {
			isa = XCConfigurationList;
			buildConfigurations = (
				BB72702522B7F3D7006C386B /* Debug */,
				BB72702622B7F3D7006C386B /* Release */,
			);
			defaultConfigurationIsVisible = 0;
			defaultConfigurationName = Release;
		};
		BB72702722B7F3D7006C386B /* Build configuration list for PBXNativeTarget "PollAppTests" */ = {
			isa = XCConfigurationList;
			buildConfigurations = (
				BB72702822B7F3D7006C386B /* Debug */,
				BB72702922B7F3D7006C386B /* Release */,
			);
			defaultConfigurationIsVisible = 0;
			defaultConfigurationName = Release;
		};
		BB72702A22B7F3D7006C386B /* Build configuration list for PBXNativeTarget "PollAppUITests" */ = {
			isa = XCConfigurationList;
			buildConfigurations = (
				BB72702B22B7F3D7006C386B /* Debug */,
				BB72702C22B7F3D7006C386B /* Release */,
			);
			defaultConfigurationIsVisible = 0;
			defaultConfigurationName = Release;
		};
/* End XCConfigurationList section */
	};
	rootObject = BB726FF422B7F3D5006C386B /* Project object */;
}
